
Microsoft Visual Studio Solution File, Format Version 12.00
# Visual Studio 15
Project("{FAE04EC0-301F-11D3-BF4B-00C04F79EFBC}") = "2D cannon fire", "Assembly-CSharp-firstpass.csproj", "{56D1BC3B-CB9D-70E6-F30B-6079AA491535}"
EndProject
Project("{FAE04EC0-301F-11D3-BF4B-00C04F79EFBC}") = "2D cannon fire", "Assembly-CSharp.csproj", "{B4FE5D75-F54C-51D0-FD02-392CE5510344}"
EndProject
Project("{FAE04EC0-301F-11D3-BF4B-00C04F79EFBC}") = "2D cannon fire", "Assembly-CSharp-Editor-firstpass.csproj", "{4D5C1D71-7F4B-F0F1-DB38-60F4FAD6A13C}"
EndProject
Global
	GlobalSection(SolutionConfigurationPlatforms) = preSolution
		Debug|Any CPU = Debug|Any CPU
		Release|Any CPU = Release|Any CPU
	EndGlobalSection
	GlobalSection(ProjectConfigurationPlatforms) = postSolution
		{56D1BC3B-CB9D-70E6-F30B-6079AA491535}.Debug|Any CPU.ActiveCfg = Debug|Any CPU
		{56D1BC3B-CB9D-70E6-F30B-6079AA491535}.Debug|Any CPU.Build.0 = Debug|Any CPU
		{56D1BC3B-CB9D-70E6-F30B-6079AA491535}.Release|Any CPU.ActiveCfg = Release|Any CPU
		{56D1BC3B-CB9D-70E6-F30B-6079AA491535}.Release|Any CPU.Build.0 = Release|Any CPU
		{B4FE5D75-F54C-51D0-FD02-392CE5510344}.Debug|Any CPU.ActiveCfg = Debug|Any CPU
		{B4FE5D75-F54C-51D0-FD02-392CE5510344}.Debug|Any CPU.Build.0 = Debug|Any CPU
		{B4FE5D75-F54C-51D0-FD02-392CE5510344}.Release|Any CPU.ActiveCfg = Release|Any CPU
		{B4FE5D75-F54C-51D0-FD02-392CE5510344}.Release|Any CPU.Build.0 = Release|Any CPU
		{4D5C1D71-7F4B-F0F1-DB38-60F4FAD6A13C}.Debug|Any CPU.ActiveCfg = Debug|Any CPU
		{4D5C1D71-7F4B-F0F1-DB38-60F4FAD6A13C}.Debug|Any CPU.Build.0 = Debug|Any CPU
		{4D5C1D71-7F4B-F0F1-DB38-60F4FAD6A13C}.Release|Any CPU.ActiveCfg = Release|Any CPU
		{4D5C1D71-7F4B-F0F1-DB38-60F4FAD6A13C}.Release|Any CPU.Build.0 = Release|Any CPU
	EndGlobalSection
	GlobalSection(SolutionProperties) = preSolution
		HideSolutionNode = FALSE
	EndGlobalSection
EndGlobal
